
Microsoft Visual Studio Solution File, Format Version 12.00
# Visual Studio Version 16
VisualStudioVersion = 16.0.31313.79
MinimumVisualStudioVersion = 10.0.40219.1
Project("{FAE04EC0-301F-11D3-BF4B-00C04F79EFBC}") = "Employee Hierarchy Project", "Employee Hierarchy Project\Employee Hierarchy Project.csproj", "{7F5923C0-C290-49A4-9D83-4F07FC2688EE}"
EndProject
Project("{FAE04EC0-301F-11D3-BF4B-00C04F79EFBC}") = "Employee Hierarchy Tests", "Employee Hierarchy Tests\Employee Hierarchy Tests.csproj", "{91F789F1-D212-4B79-8007-82ACF5C884D3}"
EndProject
Global
	GlobalSection(SolutionConfigurationPlatforms) = preSolution
		Debug|Any CPU = Debug|Any CPU
		Release|Any CPU = Release|Any CPU
	EndGlobalSection
	GlobalSection(ProjectConfigurationPlatforms) = postSolution
		{7F5923C0-C290-49A4-9D83-4F07FC2688EE}.Debug|Any CPU.ActiveCfg = Debug|Any CPU
		{7F5923C0-C290-49A4-9D83-4F07FC2688EE}.Debug|Any CPU.Build.0 = Debug|Any CPU
		{7F5923C0-C290-49A4-9D83-4F07FC2688EE}.Release|Any CPU.ActiveCfg = Release|Any CPU
		{7F5923C0-C290-49A4-9D83-4F07FC2688EE}.Release|Any CPU.Build.0 = Release|Any CPU
		{91F789F1-D212-4B79-8007-82ACF5C884D3}.Debug|Any CPU.ActiveCfg = Debug|Any CPU
		{91F789F1-D212-4B79-8007-82ACF5C884D3}.Debug|Any CPU.Build.0 = Debug|Any CPU
		{91F789F1-D212-4B79-8007-82ACF5C884D3}.Release|Any CPU.ActiveCfg = Release|Any CPU
		{91F789F1-D212-4B79-8007-82ACF5C884D3}.Release|Any CPU.Build.0 = Release|Any CPU
	EndGlobalSection
	GlobalSection(SolutionProperties) = preSolution
		HideSolutionNode = FALSE
	EndGlobalSection
	GlobalSection(ExtensibilityGlobals) = postSolution
		SolutionGuid = {53BD57A5-BEE2-4F2A-8173-08653325D916}
	EndGlobalSection
EndGlobal
